// !$*UTF8*$!
{
	archiveVersion = 1;
	classes = {
	};
	objectVersion = 46;
	objects = {

/* Begin PBXBuildFile section */
		AA5FD6241C67BC2E00903645 /* main.m in Sources */ = {isa = PBXBuildFile; fileRef = AA5FD6231C67BC2E00903645 /* main.m */; };
		AA5FD6271C67BC2E00903645 /* AppDelegate.m in Sources */ = {isa = PBXBuildFile; fileRef = AA5FD6261C67BC2E00903645 /* AppDelegate.m */; };
		AA5FD6291C67BC2E00903645 /* Assets.xcassets in Resources */ = {isa = PBXBuildFile; fileRef = AA5FD6281C67BC2E00903645 /* Assets.xcassets */; };
		AA5FD62C1C67BC2E00903645 /* LaunchScreen.storyboard in Resources */ = {isa = PBXBuildFile; fileRef = AA5FD62A1C67BC2E00903645 /* LaunchScreen.storyboard */; };
		AA5FD6351C67C4FF00903645 /* AOAWineModel.m in Sources */ = {isa = PBXBuildFile; fileRef = AA5FD6341C67C4FF00903645 /* AOAWineModel.m */; };
		AA5FD6391C67E07F00903645 /* AOAWineViewController.m in Sources */ = {isa = PBXBuildFile; fileRef = AA5FD6371C67E07F00903645 /* AOAWineViewController.m */; };
		AA5FD63A1C67E07F00903645 /* AOAWineViewController.xib in Resources */ = {isa = PBXBuildFile; fileRef = AA5FD6381C67E07F00903645 /* AOAWineViewController.xib */; };
		AA5FD63E1C67F1A200903645 /* glass.jpg in Resources */ = {isa = PBXBuildFile; fileRef = AA5FD63D1C67F1A200903645 /* glass.jpg */; };
		AA5FD6411C67F49000903645 /* vegasici.jpg in Resources */ = {isa = PBXBuildFile; fileRef = AA5FD6401C67F49000903645 /* vegasici.jpg */; };
		AA5FD6451C67F8A300903645 /* AOAWebViewController.m in Sources */ = {isa = PBXBuildFile; fileRef = AA5FD6431C67F8A300903645 /* AOAWebViewController.m */; };
		AA5FD6461C67F8A300903645 /* AOAWebViewController.xib in Resources */ = {isa = PBXBuildFile; fileRef = AA5FD6441C67F8A300903645 /* AOAWebViewController.xib */; };
		AA5FD6491C6834B800903645 /* carraovejas.jpg in Resources */ = {isa = PBXBuildFile; fileRef = AA5FD6471C6834B800903645 /* carraovejas.jpg */; };
		AA5FD64A1C6834B800903645 /* solaguen.png in Resources */ = {isa = PBXBuildFile; fileRef = AA5FD6481C6834B800903645 /* solaguen.png */; };
		AA5FD64D1C69317800903645 /* AOAWineryModel.m in Sources */ = {isa = PBXBuildFile; fileRef = AA5FD64C1C69317800903645 /* AOAWineryModel.m */; };
		AA5FD6501C69391900903645 /* AOAWineryTableViewController.m in Sources */ = {isa = PBXBuildFile; fileRef = AA5FD64F1C69391900903645 /* AOAWineryTableViewController.m */; };
/* End PBXBuildFile section */

/* Begin PBXFileReference section */
		AA5FD61F1C67BC2E00903645 /* Baccus.app */ = {isa = PBXFileReference; explicitFileType = wrapper.application; includeInIndex = 0; path = Baccus.app; sourceTree = BUILT_PRODUCTS_DIR; };
		AA5FD6231C67BC2E00903645 /* main.m */ = {isa = PBXFileReference; lastKnownFileType = sourcecode.c.objc; path = main.m; sourceTree = "<group>"; };
		AA5FD6251C67BC2E00903645 /* AppDelegate.h */ = {isa = PBXFileReference; lastKnownFileType = sourcecode.c.h; path = AppDelegate.h; sourceTree = "<group>"; };
		AA5FD6261C67BC2E00903645 /* AppDelegate.m */ = {isa = PBXFileReference; lastKnownFileType = sourcecode.c.objc; path = AppDelegate.m; sourceTree = "<group>"; };
		AA5FD6281C67BC2E00903645 /* Assets.xcassets */ = {isa = PBXFileReference; lastKnownFileType = folder.assetcatalog; path = Assets.xcassets; sourceTree = "<group>"; };
		AA5FD62B1C67BC2E00903645 /* Base */ = {isa = PBXFileReference; lastKnownFileType = file.storyboard; name = Base; path = Base.lproj/LaunchScreen.storyboard; sourceTree = "<group>"; };
		AA5FD62D1C67BC2E00903645 /* Info.plist */ = {isa = PBXFileReference; lastKnownFileType = text.plist.xml; path = Info.plist; sourceTree = "<group>"; };
		AA5FD6331C67C4FF00903645 /* AOAWineModel.h */ = {isa = PBXFileReference; fileEncoding = 4; lastKnownFileType = sourcecode.c.h; path = AOAWineModel.h; sourceTree = "<group>"; };
		AA5FD6341C67C4FF00903645 /* AOAWineModel.m */ = {isa = PBXFileReference; fileEncoding = 4; lastKnownFileType = sourcecode.c.objc; path = AOAWineModel.m; sourceTree = "<group>"; };
		AA5FD6361C67E07F00903645 /* AOAWineViewController.h */ = {isa = PBXFileReference; fileEncoding = 4; lastKnownFileType = sourcecode.c.h; path = AOAWineViewController.h; sourceTree = "<group>"; };
		AA5FD6371C67E07F00903645 /* AOAWineViewController.m */ = {isa = PBXFileReference; fileEncoding = 4; lastKnownFileType = sourcecode.c.objc; path = AOAWineViewController.m; sourceTree = "<group>"; };
		AA5FD6381C67E07F00903645 /* AOAWineViewController.xib */ = {isa = PBXFileReference; fileEncoding = 4; lastKnownFileType = file.xib; path = AOAWineViewController.xib; sourceTree = "<group>"; };
		AA5FD63D1C67F1A200903645 /* glass.jpg */ = {isa = PBXFileReference; lastKnownFileType = image.jpeg; path = glass.jpg; sourceTree = "<group>"; };
		AA5FD6401C67F49000903645 /* vegasici.jpg */ = {isa = PBXFileReference; lastKnownFileType = image.jpeg; path = vegasici.jpg; sourceTree = "<group>"; };
		AA5FD6421C67F8A300903645 /* AOAWebViewController.h */ = {isa = PBXFileReference; fileEncoding = 4; lastKnownFileType = sourcecode.c.h; path = AOAWebViewController.h; sourceTree = "<group>"; };
		AA5FD6431C67F8A300903645 /* AOAWebViewController.m */ = {isa = PBXFileReference; fileEncoding = 4; lastKnownFileType = sourcecode.c.objc; path = AOAWebViewController.m; sourceTree = "<group>"; };
		AA5FD6441C67F8A300903645 /* AOAWebViewController.xib */ = {isa = PBXFileReference; fileEncoding = 4; lastKnownFileType = file.xib; path = AOAWebViewController.xib; sourceTree = "<group>"; };
		AA5FD6471C6834B800903645 /* carraovejas.jpg */ = {isa = PBXFileReference; lastKnownFileType = image.jpeg; path = carraovejas.jpg; sourceTree = "<group>"; };
		AA5FD6481C6834B800903645 /* solaguen.png */ = {isa = PBXFileReference; lastKnownFileType = image.png; path = solaguen.png; sourceTree = "<group>"; };
		AA5FD64B1C69317800903645 /* AOAWineryModel.h */ = {isa = PBXFileReference; fileEncoding = 4; lastKnownFileType = sourcecode.c.h; path = AOAWineryModel.h; sourceTree = "<group>"; };
		AA5FD64C1C69317800903645 /* AOAWineryModel.m */ = {isa = PBXFileReference; fileEncoding = 4; lastKnownFileType = sourcecode.c.objc; path = AOAWineryModel.m; sourceTree = "<group>"; };
		AA5FD64E1C69391900903645 /* AOAWineryTableViewController.h */ = {isa = PBXFileReference; fileEncoding = 4; lastKnownFileType = sourcecode.c.h; path = AOAWineryTableViewController.h; sourceTree = "<group>"; };
		AA5FD64F1C69391900903645 /* AOAWineryTableViewController.m */ = {isa = PBXFileReference; fileEncoding = 4; lastKnownFileType = sourcecode.c.objc; path = AOAWineryTableViewController.m; sourceTree = "<group>"; };
/* End PBXFileReference section */

/* Begin PBXFrameworksBuildPhase section */
		AA5FD61C1C67BC2E00903645 /* Frameworks */ = {
			isa = PBXFrameworksBuildPhase;
			buildActionMask = 2147483647;
			files = (
			);
			runOnlyForDeploymentPostprocessing = 0;
		};
/* End PBXFrameworksBuildPhase section */

/* Begin PBXGroup section */
		AA5FD6161C67BC2E00903645 = {
			isa = PBXGroup;
			children = (
				AA5FD6211C67BC2E00903645 /* Baccus */,
				AA5FD6201C67BC2E00903645 /* Products */,
			);
			sourceTree = "<group>";
		};
		AA5FD6201C67BC2E00903645 /* Products */ = {
			isa = PBXGroup;
			children = (
				AA5FD61F1C67BC2E00903645 /* Baccus.app */,
			);
			name = Products;
			sourceTree = "<group>";
		};
		AA5FD6211C67BC2E00903645 /* Baccus */ = {
			isa = PBXGroup;
			children = (
				AA5FD63F1C67F21C00903645 /* Resources */,
				AA5FD63C1C67E09300903645 /* Models */,
				AA5FD63B1C67E08A00903645 /* Controllers */,
				AA5FD6251C67BC2E00903645 /* AppDelegate.h */,
				AA5FD6261C67BC2E00903645 /* AppDelegate.m */,
				AA5FD6281C67BC2E00903645 /* Assets.xcassets */,
				AA5FD62A1C67BC2E00903645 /* LaunchScreen.storyboard */,
				AA5FD62D1C67BC2E00903645 /* Info.plist */,
				AA5FD6221C67BC2E00903645 /* Supporting Files */,
			);
			path = Baccus;
			sourceTree = "<group>";
		};
		AA5FD6221C67BC2E00903645 /* Supporting Files */ = {
			isa = PBXGroup;
			children = (
				AA5FD6231C67BC2E00903645 /* main.m */,
			);
			name = "Supporting Files";
			sourceTree = "<group>";
		};
		AA5FD63B1C67E08A00903645 /* Controllers */ = {
			isa = PBXGroup;
			children = (
				AA5FD64E1C69391900903645 /* AOAWineryTableViewController.h */,
				AA5FD64F1C69391900903645 /* AOAWineryTableViewController.m */,
				AA5FD6421C67F8A300903645 /* AOAWebViewController.h */,
				AA5FD6431C67F8A300903645 /* AOAWebViewController.m */,
				AA5FD6441C67F8A300903645 /* AOAWebViewController.xib */,
				AA5FD6361C67E07F00903645 /* AOAWineViewController.h */,
				AA5FD6371C67E07F00903645 /* AOAWineViewController.m */,
				AA5FD6381C67E07F00903645 /* AOAWineViewController.xib */,
			);
			name = Controllers;
			sourceTree = "<group>";
		};
		AA5FD63C1C67E09300903645 /* Models */ = {
			isa = PBXGroup;
			children = (
				AA5FD64B1C69317800903645 /* AOAWineryModel.h */,
				AA5FD64C1C69317800903645 /* AOAWineryModel.m */,
				AA5FD6331C67C4FF00903645 /* AOAWineModel.h */,
				AA5FD6341C67C4FF00903645 /* AOAWineModel.m */,
			);
			name = Models;
			sourceTree = "<group>";
		};
		AA5FD63F1C67F21C00903645 /* Resources */ = {
			isa = PBXGroup;
			children = (
				AA5FD6471C6834B800903645 /* carraovejas.jpg */,
				AA5FD6481C6834B800903645 /* solaguen.png */,
				AA5FD6401C67F49000903645 /* vegasici.jpg */,
				AA5FD63D1C67F1A200903645 /* glass.jpg */,
			);
			name = Resources;
			sourceTree = "<group>";
		};
/* End PBXGroup section */

/* Begin PBXNativeTarget section */
		AA5FD61E1C67BC2E00903645 /* Baccus */ = {
			isa = PBXNativeTarget;
			buildConfigurationList = AA5FD6301C67BC2E00903645 /* Build configuration list for PBXNativeTarget "Baccus" */;
			buildPhases = (
				AA5FD61B1C67BC2E00903645 /* Sources */,
				AA5FD61C1C67BC2E00903645 /* Frameworks */,
				AA5FD61D1C67BC2E00903645 /* Resources */,
			);
			buildRules = (
			);
			dependencies = (
			);
			name = Baccus;
			productName = Baccus;
			productReference = AA5FD61F1C67BC2E00903645 /* Baccus.app */;
			productType = "com.apple.product-type.application";
		};
/* End PBXNativeTarget section */

/* Begin PBXProject section */
		AA5FD6171C67BC2E00903645 /* Project object */ = {
			isa = PBXProject;
			attributes = {
				LastUpgradeCheck = 0720;
				ORGANIZATIONNAME = Akixe;
				TargetAttributes = {
					AA5FD61E1C67BC2E00903645 = {
						CreatedOnToolsVersion = 7.2.1;
					};
				};
			};
			buildConfigurationList = AA5FD61A1C67BC2E00903645 /* Build configuration list for PBXProject "Baccus" */;
			compatibilityVersion = "Xcode 3.2";
			developmentRegion = English;
			hasScannedForEncodings = 0;
			knownRegions = (
				en,
				Base,
			);
			mainGroup = AA5FD6161C67BC2E00903645;
			productRefGroup = AA5FD6201C67BC2E00903645 /* Products */;
			projectDirPath = "";
			projectRoot = "";
			targets = (
				AA5FD61E1C67BC2E00903645 /* Baccus */,
			);
		};
/* End PBXProject section */

/* Begin PBXResourcesBuildPhase section */
		AA5FD61D1C67BC2E00903645 /* Resources */ = {
			isa = PBXResourcesBuildPhase;
			buildActionMask = 2147483647;
			files = (
				AA5FD6411C67F49000903645 /* vegasici.jpg in Resources */,
				AA5FD6461C67F8A300903645 /* AOAWebViewController.xib in Resources */,
				AA5FD63E1C67F1A200903645 /* glass.jpg in Resources */,
				AA5FD6291C67BC2E00903645 /* Assets.xcassets in Resources */,
				AA5FD62C1C67BC2E00903645 /* LaunchScreen.storyboard in Resources */,
				AA5FD64A1C6834B800903645 /* solaguen.png in Resources */,
				AA5FD6491C6834B800903645 /* carraovejas.jpg in Resources */,
				AA5FD63A1C67E07F00903645 /* AOAWineViewController.xib in Resources */,
			);
			runOnlyForDeploymentPostprocessing = 0;
		};
/* End PBXResourcesBuildPhase section */

/* Begin PBXSourcesBuildPhase section */
		AA5FD61B1C67BC2E00903645 /* Sources */ = {
			isa = PBXSourcesBuildPhase;
			buildActionMask = 2147483647;
			files = (
				AA5FD6451C67F8A300903645 /* AOAWebViewController.m in Sources */,
				AA5FD64D1C69317800903645 /* AOAWineryModel.m in Sources */,
				AA5FD6271C67BC2E00903645 /* AppDelegate.m in Sources */,
				AA5FD6501C69391900903645 /* AOAWineryTableViewController.m in Sources */,
				AA5FD6391C67E07F00903645 /* AOAWineViewController.m in Sources */,
				AA5FD6351C67C4FF00903645 /* AOAWineModel.m in Sources */,
				AA5FD6241C67BC2E00903645 /* main.m in Sources */,
			);
			runOnlyForDeploymentPostprocessing = 0;
		};
/* End PBXSourcesBuildPhase section */

/* Begin PBXVariantGroup section */
		AA5FD62A1C67BC2E00903645 /* LaunchScreen.storyboard */ = {
			isa = PBXVariantGroup;
			children = (
				AA5FD62B1C67BC2E00903645 /* Base */,
			);
			name = LaunchScreen.storyboard;
			sourceTree = "<group>";
		};
/* End PBXVariantGroup section */

/* Begin XCBuildConfiguration section */
		AA5FD62E1C67BC2E00903645 /* Debug */ = {
			isa = XCBuildConfiguration;
			buildSettings = {
				ALWAYS_SEARCH_USER_PATHS = NO;
				CLANG_CXX_LANGUAGE_STANDARD = "gnu++0x";
				CLANG_CXX_LIBRARY = "libc++";
				CLANG_ENABLE_MODULES = YES;
				CLANG_ENABLE_OBJC_ARC = YES;
				CLANG_WARN_BOOL_CONVERSION = YES;
				CLANG_WARN_CONSTANT_CONVERSION = YES;
				CLANG_WARN_DIRECT_OBJC_ISA_USAGE = YES_ERROR;
				CLANG_WARN_EMPTY_BODY = YES;
				CLANG_WARN_ENUM_CONVERSION = YES;
				CLANG_WARN_INT_CONVERSION = YES;
				CLANG_WARN_OBJC_ROOT_CLASS = YES_ERROR;
				CLANG_WARN_UNREACHABLE_CODE = YES;
				CLANG_WARN__DUPLICATE_METHOD_MATCH = YES;
				"CODE_SIGN_IDENTITY[sdk=iphoneos*]" = "iPhone Developer";
				COPY_PHASE_STRIP = NO;
				DEBUG_INFORMATION_FORMAT = dwarf;
				ENABLE_STRICT_OBJC_MSGSEND = YES;
				ENABLE_TESTABILITY = YES;
				GCC_C_LANGUAGE_STANDARD = gnu99;
				GCC_DYNAMIC_NO_PIC = NO;
				GCC_NO_COMMON_BLOCKS = YES;
				GCC_OPTIMIZATION_LEVEL = 0;
				GCC_PREPROCESSOR_DEFINITIONS = (
					"DEBUG=1",
					"$(inherited)",
				);
				GCC_WARN_64_TO_32_BIT_CONVERSION = YES;
				GCC_WARN_ABOUT_RETURN_TYPE = YES_ERROR;
				GCC_WARN_UNDECLARED_SELECTOR = YES;
				GCC_WARN_UNINITIALIZED_AUTOS = YES_AGGRESSIVE;
				GCC_WARN_UNUSED_FUNCTION = YES;
				GCC_WARN_UNUSED_VARIABLE = YES;
				IPHONEOS_DEPLOYMENT_TARGET = 9.2;
				MTL_ENABLE_DEBUG_INFO = YES;
				ONLY_ACTIVE_ARCH = YES;
				SDKROOT = iphoneos;
				TARGETED_DEVICE_FAMILY = 2;
			};
			name = Debug;
		};
		AA5FD62F1C67BC2E00903645 /* Release */ = {
			isa = XCBuildConfiguration;
			buildSettings = {
				ALWAYS_SEARCH_USER_PATHS = NO;
				CLANG_CXX_LANGUAGE_STANDARD = "gnu++0x";
				CLANG_CXX_LIBRARY = "libc++";
				CLANG_ENABLE_MODULES = YES;
				CLANG_ENABLE_OBJC_ARC = YES;
				CLANG_WARN_BOOL_CONVERSION = YES;
				CLANG_WARN_CONSTANT_CONVERSION = YES;
				CLANG_WARN_DIRECT_OBJC_ISA_USAGE = YES_ERROR;
				CLANG_WARN_EMPTY_BODY = YES;
				CLANG_WARN_ENUM_CONVERSION = YES;
				CLANG_WARN_INT_CONVERSION = YES;
				CLANG_WARN_OBJC_ROOT_CLASS = YES_ERROR;
				CLANG_WARN_UNREACHABLE_CODE = YES;
				CLANG_WARN__DUPLICATE_METHOD_MATCH = YES;
				"CODE_SIGN_IDENTITY[sdk=iphoneos*]" = "iPhone Developer";
				COPY_PHASE_STRIP = NO;
				DEBUG_INFORMATION_FORMAT = "dwarf-with-dsym";
				ENABLE_NS_ASSERTIONS = NO;
				ENABLE_STRICT_OBJC_MSGSEND = YES;
				GCC_C_LANGUAGE_STANDARD = gnu99;
				GCC_NO_COMMON_BLOCKS = YES;
				GCC_WARN_64_TO_32_BIT_CONVERSION = YES;
				GCC_WARN_ABOUT_RETURN_TYPE = YES_ERROR;
				GCC_WARN_UNDECLARED_SELECTOR = YES;
				GCC_WARN_UNINITIALIZED_AUTOS = YES_AGGRESSIVE;
				GCC_WARN_UNUSED_FUNCTION = YES;
				GCC_WARN_UNUSED_VARIABLE = YES;
				IPHONEOS_DEPLOYMENT_TARGET = 9.2;
				MTL_ENABLE_DEBUG_INFO = NO;
				SDKROOT = iphoneos;
				TARGETED_DEVICE_FAMILY = 2;
				VALIDATE_PRODUCT = YES;
			};
			name = Release;
		};
		AA5FD6311C67BC2E00903645 /* Debug */ = {
			isa = XCBuildConfiguration;
			buildSettings = {
				ASSETCATALOG_COMPILER_APPICON_NAME = AppIcon;
				INFOPLIST_FILE = Baccus/Info.plist;
				LD_RUNPATH_SEARCH_PATHS = "$(inherited) @executable_path/Frameworks";
				PRODUCT_BUNDLE_IDENTIFIER = me.akixe.keepcoding.progios.Baccus;
				PRODUCT_NAME = "$(TARGET_NAME)";
			};
			name = Debug;
		};
		AA5FD6321C67BC2E00903645 /* Release */ = {
			isa = XCBuildConfiguration;
			buildSettings = {
				ASSETCATALOG_COMPILER_APPICON_NAME = AppIcon;
				INFOPLIST_FILE = Baccus/Info.plist;
				LD_RUNPATH_SEARCH_PATHS = "$(inherited) @executable_path/Frameworks";
				PRODUCT_BUNDLE_IDENTIFIER = me.akixe.keepcoding.progios.Baccus;
				PRODUCT_NAME = "$(TARGET_NAME)";
			};
			name = Release;
		};
/* End XCBuildConfiguration section */

/* Begin XCConfigurationList section */
		AA5FD61A1C67BC2E00903645 /* Build configuration list for PBXProject "Baccus" */ = {
			isa = XCConfigurationList;
			buildConfigurations = (
				AA5FD62E1C67BC2E00903645 /* Debug */,
				AA5FD62F1C67BC2E00903645 /* Release */,
			);
			defaultConfigurationIsVisible = 0;
			defaultConfigurationName = Release;
		};
		AA5FD6301C67BC2E00903645 /* Build configuration list for PBXNativeTarget "Baccus" */ = {
			isa = XCConfigurationList;
			buildConfigurations = (
				AA5FD6311C67BC2E00903645 /* Debug */,
				AA5FD6321C67BC2E00903645 /* Release */,
			);
			defaultConfigurationIsVisible = 0;
		};
/* End XCConfigurationList section */
	};
	rootObject = AA5FD6171C67BC2E00903645 /* Project object */;
}
